// !$*UTF8*$!
{
	archiveVersion = 1;
	classes = {
	};
	objectVersion = 77;
	objects = {

/* Begin PBXBuildFile section */
		47E75FA12FB6B5A400AE6BCD /* Cuckoo in Frameworks */ = {isa = PBXBuildFile; productRef = 47E75FA02FB6B5A400AE6BCD /* Cuckoo */; };
		F6A0CB212F68DECC00A56310 /* Swinject in Frameworks */ = {isa = PBXBuildFile; productRef = F6A0CB202F68DECC00A56310 /* Swinject */; };
		F6D7C3F22F68DACB0007B13C /* LighthouseVIPERUITests.swift in Sources */ = {isa = PBXBuildFile; fileRef = F6D7C3EF2F68DACB0007B13C /* LighthouseVIPERUITests.swift */; };
		F6D7C3F32F68DACB0007B13C /* LighthouseVIPERUITestsLaunchTests.swift in Sources */ = {isa = PBXBuildFile; fileRef = F6D7C3F02F68DACB0007B13C /* LighthouseVIPERUITestsLaunchTests.swift */; };
		F6FC77102FA32B7D008607BA /* RswiftLibrary in Frameworks */ = {isa = PBXBuildFile; productRef = F6FC770F2FA32B7D008607BA /* RswiftLibrary */; };
		F6FC77122FA32B7D008607BA /* rswift in Frameworks */ = {isa = PBXBuildFile; productRef = F6FC77112FA32B7D008607BA /* rswift */; };
		F6FC77352FA33BF3008607BA /* LoginInteractorTests.swift in Sources */ = {isa = PBXBuildFile; fileRef = F6FC772F2FA33BF3008607BA /* LoginInteractorTests.swift */; };
		F6FC77362FA33BF3008607BA /* SignUpInteractorMock.swift in Sources */ = {isa = PBXBuildFile; fileRef = F6FC77312FA33BF3008607BA /* SignUpInteractorMock.swift */; };
		F6FC77372FA33BF3008607BA /* MainPresenterTests.swift in Sources */ = {isa = PBXBuildFile; fileRef = F6FC77232FA33BF3008607BA /* MainPresenterTests.swift */; };
		F6FC77382FA33BF3008607BA /* XCTestInline.swift in Sources */ = {isa = PBXBuildFile; fileRef = F6FC77342FA33BF3008607BA /* XCTestInline.swift */; };
		F6FC77392FA33BF3008607BA /* AuthUseCasesMockDI.swift in Sources */ = {isa = PBXBuildFile; fileRef = F6FC772E2FA33BF3008607BA /* AuthUseCasesMockDI.swift */; };
		F6FC773B2FA33BF3008607BA /* WebApiServiceMock.swift in Sources */ = {isa = PBXBuildFile; fileRef = F6FC772C2FA33BF3008607BA /* WebApiServiceMock.swift */; };
		F6FC773C2FA33BF3008607BA /* AuthServiceMock.swift in Sources */ = {isa = PBXBuildFile; fileRef = F6FC77282FA33BF3008607BA /* AuthServiceMock.swift */; };
		F6FC773D2FA33BF3008607BA /* LoginInterctorMock.swift in Sources */ = {isa = PBXBuildFile; fileRef = F6FC77302FA33BF3008607BA /* LoginInterctorMock.swift */; };
		F6FC773E2FA33BF3008607BA /* MainSceneTestDI.swift in Sources */ = {isa = PBXBuildFile; fileRef = F6FC77252FA33BF3008607BA /* MainSceneTestDI.swift */; };
		F6FC773F2FA33BF3008607BA /* AuthServiceTestDI.swift in Sources */ = {isa = PBXBuildFile; fileRef = F6FC77292FA33BF3008607BA /* AuthServiceTestDI.swift */; };
		F6FC77402FA33BF3008607BA /* AuthWrapperMock.swift in Sources */ = {isa = PBXBuildFile; fileRef = F6FC772B2FA33BF3008607BA /* AuthWrapperMock.swift */; };
		F6FC77412FA33BF3008607BA /* MainRotureMock.swift in Sources */ = {isa = PBXBuildFile; fileRef = F6FC77242FA33BF3008607BA /* MainRotureMock.swift */; };
		F6FC77422FA33BF3008607BA /* AuthServiceTests.swift in Sources */ = {isa = PBXBuildFile; fileRef = F6FC772A2FA33BF3008607BA /* AuthServiceTests.swift */; };
/* End PBXBuildFile section */

/* Begin PBXContainerItemProxy section */
		F6C865DD2F2CAED40098E057 /* PBXContainerItemProxy */ = {
			isa = PBXContainerItemProxy;
			containerPortal = F6C865BB2F2CAED20098E057 /* Project object */;
			proxyType = 1;
			remoteGlobalIDString = F6C865C22F2CAED20098E057;
			remoteInfo = LighthouseVIPER;
		};
		F6C865E72F2CAED40098E057 /* PBXContainerItemProxy */ = {
			isa = PBXContainerItemProxy;
			containerPortal = F6C865BB2F2CAED20098E057 /* Project object */;
			proxyType = 1;
			remoteGlobalIDString = F6C865C22F2CAED20098E057;
			remoteInfo = LighthouseVIPER;
		};
/* End PBXContainerItemProxy section */

/* Begin PBXFileReference section */
		47E75FAE2FB6B5E300AE6BCD /* Cuckoofile.toml */ = {isa = PBXFileReference; lastKnownFileType = text; path = Cuckoofile.toml; sourceTree = "<group>"; };
		F6C865C32F2CAED20098E057 /* LighthouseVIPER.app */ = {isa = PBXFileReference; explicitFileType = wrapper.application; includeInIndex = 0; path = LighthouseVIPER.app; sourceTree = BUILT_PRODUCTS_DIR; };
		F6C865DC2F2CAED40098E057 /* LighthouseVIPERTests.xctest */ = {isa = PBXFileReference; explicitFileType = wrapper.cfbundle; includeInIndex = 0; path = LighthouseVIPERTests.xctest; sourceTree = BUILT_PRODUCTS_DIR; };
		F6C865E62F2CAED40098E057 /* LighthouseVIPERUITests.xctest */ = {isa = PBXFileReference; explicitFileType = wrapper.cfbundle; includeInIndex = 0; path = LighthouseVIPERUITests.xctest; sourceTree = BUILT_PRODUCTS_DIR; };
		F6D7C3EF2F68DACB0007B13C /* LighthouseVIPERUITests.swift */ = {isa = PBXFileReference; lastKnownFileType = sourcecode.swift; path = LighthouseVIPERUITests.swift; sourceTree = "<group>"; };
		F6D7C3F02F68DACB0007B13C /* LighthouseVIPERUITestsLaunchTests.swift */ = {isa = PBXFileReference; lastKnownFileType = sourcecode.swift; path = LighthouseVIPERUITestsLaunchTests.swift; sourceTree = "<group>"; };
		F6FC77232FA33BF3008607BA /* MainPresenterTests.swift */ = {isa = PBXFileReference; lastKnownFileType = sourcecode.swift; path = MainPresenterTests.swift; sourceTree = "<group>"; };
		F6FC77242FA33BF3008607BA /* MainRotureMock.swift */ = {isa = PBXFileReference; lastKnownFileType = sourcecode.swift; path = MainRotureMock.swift; sourceTree = "<group>"; };
		F6FC77252FA33BF3008607BA /* MainSceneTestDI.swift */ = {isa = PBXFileReference; lastKnownFileType = sourcecode.swift; path = MainSceneTestDI.swift; sourceTree = "<group>"; };
		F6FC77282FA33BF3008607BA /* AuthServiceMock.swift */ = {isa = PBXFileReference; lastKnownFileType = sourcecode.swift; path = AuthServiceMock.swift; sourceTree = "<group>"; };
		F6FC77292FA33BF3008607BA /* AuthServiceTestDI.swift */ = {isa = PBXFileReference; lastKnownFileType = sourcecode.swift; path = AuthServiceTestDI.swift; sourceTree = "<group>"; };
		F6FC772A2FA33BF3008607BA /* AuthServiceTests.swift */ = {isa = PBXFileReference; lastKnownFileType = sourcecode.swift; path = AuthServiceTests.swift; sourceTree = "<group>"; };
		F6FC772B2FA33BF3008607BA /* AuthWrapperMock.swift */ = {isa = PBXFileReference; lastKnownFileType = sourcecode.swift; path = AuthWrapperMock.swift; sourceTree = "<group>"; };
		F6FC772C2FA33BF3008607BA /* WebApiServiceMock.swift */ = {isa = PBXFileReference; lastKnownFileType = sourcecode.swift; path = WebApiServiceMock.swift; sourceTree = "<group>"; };
		F6FC772E2FA33BF3008607BA /* AuthUseCasesMockDI.swift */ = {isa = PBXFileReference; lastKnownFileType = sourcecode.swift; path = AuthUseCasesMockDI.swift; sourceTree = "<group>"; };
		F6FC772F2FA33BF3008607BA /* LoginInteractorTests.swift */ = {isa = PBXFileReference; lastKnownFileType = sourcecode.swift; path = LoginInteractorTests.swift; sourceTree = "<group>"; };
		F6FC77302FA33BF3008607BA /* LoginInterctorMock.swift */ = {isa = PBXFileReference; lastKnownFileType = sourcecode.swift; path = LoginInterctorMock.swift; sourceTree = "<group>"; };
		F6FC77312FA33BF3008607BA /* SignUpInteractorMock.swift */ = {isa = PBXFileReference; lastKnownFileType = sourcecode.swift; path = SignUpInteractorMock.swift; sourceTree = "<group>"; };
		F6FC77342FA33BF3008607BA /* XCTestInline.swift */ = {isa = PBXFileReference; lastKnownFileType = sourcecode.swift; path = XCTestInline.swift; sourceTree = "<group>"; };
/* End PBXFileReference section */

/* Begin PBXFileSystemSynchronizedBuildFileExceptionSet section */
		F6FC75F12FA31FC0008607BA /* Exceptions for "Resources" folder in "LighthouseVIPER" target */ = {
			isa = PBXFileSystemSynchronizedBuildFileExceptionSet;
			membershipExceptions = (
				Info.plist,
			);
			target = F6C865C22F2CAED20098E057 /* LighthouseVIPER */;
		};
/* End PBXFileSystemSynchronizedBuildFileExceptionSet section */

/* Begin PBXFileSystemSynchronizedRootGroup section */
		F6FC74F62FA31EAD008607BA /* Services */ = {
			isa = PBXFileSystemSynchronizedRootGroup;
			path = Services;
			sourceTree = "<group>";
		};
		F6FC75192FA31EAD008607BA /* Scenes */ = {
			isa = PBXFileSystemSynchronizedRootGroup;
			path = Scenes;
			sourceTree = "<group>";
		};
		F6FC75322FA31EAD008607BA /* Architecture */ = {
			isa = PBXFileSystemSynchronizedRootGroup;
			path = Architecture;
			sourceTree = "<group>";
		};
		F6FC75422FA31EAD008607BA /* UseCases */ = {
			isa = PBXFileSystemSynchronizedRootGroup;
			path = UseCases;
			sourceTree = "<group>";
		};
		F6FC75502FA31EAD008607BA /* Data */ = {
			isa = PBXFileSystemSynchronizedRootGroup;
			path = Data;
			sourceTree = "<group>";
		};
		F6FC755E2FA31EAD008607BA /* Resources */ = {
			isa = PBXFileSystemSynchronizedRootGroup;
			exceptions = (
				F6FC75F12FA31FC0008607BA /* Exceptions for "Resources" folder in "LighthouseVIPER" target */,
			);
			path = Resources;
			sourceTree = "<group>";
		};
		F6FC756B2FA31EAD008607BA /* AppConfig */ = {
			isa = PBXFileSystemSynchronizedRootGroup;
			path = AppConfig;
			sourceTree = "<group>";
		};
		F6FC75712FA31EAD008607BA /* Extensions */ = {
			isa = PBXFileSystemSynchronizedRootGroup;
			path = Extensions;
			sourceTree = "<group>";
		};
/* End PBXFileSystemSynchronizedRootGroup section */

/* Begin PBXFrameworksBuildPhase section */
		F6C865C02F2CAED20098E057 /* Frameworks */ = {
			isa = PBXFrameworksBuildPhase;
			buildActionMask = 2147483647;
			files = (
				F6A0CB212F68DECC00A56310 /* Swinject in Frameworks */,
				F6FC77102FA32B7D008607BA /* RswiftLibrary in Frameworks */,
				F6FC77122FA32B7D008607BA /* rswift in Frameworks */,
			);
			runOnlyForDeploymentPostprocessing = 0;
		};
		F6C865D92F2CAED40098E057 /* Frameworks */ = {
			isa = PBXFrameworksBuildPhase;
			buildActionMask = 2147483647;
			files = (
				47E75FA12FB6B5A400AE6BCD /* Cuckoo in Frameworks */,
			);
			runOnlyForDeploymentPostprocessing = 0;
		};
		F6C865E32F2CAED40098E057 /* Frameworks */ = {
			isa = PBXFrameworksBuildPhase;
			buildActionMask = 2147483647;
			files = (
			);
			runOnlyForDeploymentPostprocessing = 0;
		};
/* End PBXFrameworksBuildPhase section */

/* Begin PBXGroup section */
		F6C865BA2F2CAED20098E057 = {
			isa = PBXGroup;
			children = (
				F6D7C3E12F68DAC60007B13C /* LighthouseVIPER */,
				47E75FAE2FB6B5E300AE6BCD /* Cuckoofile.toml */,
				F6D7C3ED2F68DAC90007B13C /* LighthouseVIPERTests */,
				F6D7C3F12F68DACB0007B13C /* LighthouseVIPERUITests */,
				F6C865C42F2CAED20098E057 /* Products */,
			);
			sourceTree = "<group>";
		};
		F6C865C42F2CAED20098E057 /* Products */ = {
			isa = PBXGroup;
			children = (
				F6C865C32F2CAED20098E057 /* LighthouseVIPER.app */,
				F6C865DC2F2CAED40098E057 /* LighthouseVIPERTests.xctest */,
				F6C865E62F2CAED40098E057 /* LighthouseVIPERUITests.xctest */,
			);
			name = Products;
			sourceTree = "<group>";
		};
		F6D7C3E12F68DAC60007B13C /* LighthouseVIPER */ = {
			isa = PBXGroup;
			children = (
				F6FC75322FA31EAD008607BA /* Architecture */,
				F6FC75712FA31EAD008607BA /* Extensions */,
				F6FC756B2FA31EAD008607BA /* AppConfig */,
				F6FC75192FA31EAD008607BA /* Scenes */,
				F6FC75422FA31EAD008607BA /* UseCases */,
				F6FC74F62FA31EAD008607BA /* Services */,
				F6FC75502FA31EAD008607BA /* Data */,
				F6FC755E2FA31EAD008607BA /* Resources */,
			);
			path = LighthouseVIPER;
			sourceTree = "<group>";
		};
		F6D7C3ED2F68DAC90007B13C /* LighthouseVIPERTests */ = {
			isa = PBXGroup;
			children = (
				F6FC77342FA33BF3008607BA /* XCTestInline.swift */,
				F6FC77272FA33BF3008607BA /* Scenes */,
				F6FC772D2FA33BF3008607BA /* Services */,
				F6FC77332FA33BF3008607BA /* UseCases */,
			);
			path = LighthouseVIPERTests;
			sourceTree = "<group>";
		};
		F6D7C3F12F68DACB0007B13C /* LighthouseVIPERUITests */ = {
			isa = PBXGroup;
			children = (
				F6D7C3EF2F68DACB0007B13C /* LighthouseVIPERUITests.swift */,
				F6D7C3F02F68DACB0007B13C /* LighthouseVIPERUITestsLaunchTests.swift */,
			);
			path = LighthouseVIPERUITests;
			sourceTree = "<group>";
		};
		F6FC77262FA33BF3008607BA /* Main */ = {
			isa = PBXGroup;
			children = (
				F6FC77232FA33BF3008607BA /* MainPresenterTests.swift */,
				F6FC77242FA33BF3008607BA /* MainRotureMock.swift */,
				F6FC77252FA33BF3008607BA /* MainSceneTestDI.swift */,
			);
			path = Main;
			sourceTree = "<group>";
		};
		F6FC77272FA33BF3008607BA /* Scenes */ = {
			isa = PBXGroup;
			children = (
				F6FC77262FA33BF3008607BA /* Main */,
			);
			path = Scenes;
			sourceTree = "<group>";
		};
		F6FC772D2FA33BF3008607BA /* Services */ = {
			isa = PBXGroup;
			children = (
				F6FC77282FA33BF3008607BA /* AuthServiceMock.swift */,
				F6FC77292FA33BF3008607BA /* AuthServiceTestDI.swift */,
				F6FC772A2FA33BF3008607BA /* AuthServiceTests.swift */,
				F6FC772B2FA33BF3008607BA /* AuthWrapperMock.swift */,
				F6FC772C2FA33BF3008607BA /* WebApiServiceMock.swift */,
			);
			path = Services;
			sourceTree = "<group>";
		};
		F6FC77322FA33BF3008607BA /* Auth */ = {
			isa = PBXGroup;
			children = (
				F6FC772E2FA33BF3008607BA /* AuthUseCasesMockDI.swift */,
				F6FC772F2FA33BF3008607BA /* LoginInteractorTests.swift */,
				F6FC77302FA33BF3008607BA /* LoginInterctorMock.swift */,
				F6FC77312FA33BF3008607BA /* SignUpInteractorMock.swift */,
			);
			path = Auth;
			sourceTree = "<group>";
		};
		F6FC77332FA33BF3008607BA /* UseCases */ = {
			isa = PBXGroup;
			children = (
				F6FC77322FA33BF3008607BA /* Auth */,
			);
			path = UseCases;
			sourceTree = "<group>";
		};
/* End PBXGroup section */

/* Begin PBXNativeTarget section */
		F6C865C22F2CAED20098E057 /* LighthouseVIPER */ = {
			isa = PBXNativeTarget;
			buildConfigurationList = F6C865EF2F2CAED40098E057 /* Build configuration list for PBXNativeTarget "LighthouseVIPER" */;
			buildPhases = (
				F6C865BF2F2CAED20098E057 /* Sources */,
				F6C865C02F2CAED20098E057 /* Frameworks */,
				F6C865C12F2CAED20098E057 /* Resources */,
			);
			buildRules = (
			);
			dependencies = (
				F6FC77142FA32BA8008607BA /* PBXTargetDependency */,
			);
			fileSystemSynchronizedGroups = (
				F6FC74F62FA31EAD008607BA /* Services */,
				F6FC75192FA31EAD008607BA /* Scenes */,
				F6FC75322FA31EAD008607BA /* Architecture */,
				F6FC75422FA31EAD008607BA /* UseCases */,
				F6FC75502FA31EAD008607BA /* Data */,
				F6FC755E2FA31EAD008607BA /* Resources */,
				F6FC756B2FA31EAD008607BA /* AppConfig */,
				F6FC75712FA31EAD008607BA /* Extensions */,
			);
			name = LighthouseVIPER;
			packageProductDependencies = (
				F6A0CB202F68DECC00A56310 /* Swinject */,
				F6FC770F2FA32B7D008607BA /* RswiftLibrary */,
				F6FC77112FA32B7D008607BA /* rswift */,
			);
			productName = LighthouseVIPER;
			productReference = F6C865C32F2CAED20098E057 /* LighthouseVIPER.app */;
			productType = "com.apple.product-type.application";
		};
		F6C865DB2F2CAED40098E057 /* LighthouseVIPERTests */ = {
			isa = PBXNativeTarget;
			buildConfigurationList = F6C865F42F2CAED40098E057 /* Build configuration list for PBXNativeTarget "LighthouseVIPERTests" */;
			buildPhases = (
				F6C865D82F2CAED40098E057 /* Sources */,
				F6C865D92F2CAED40098E057 /* Frameworks */,
				F6C865DA2F2CAED40098E057 /* Resources */,
			);
			buildRules = (
			);
			dependencies = (
				47E75FA32FB6B5AF00AE6BCD /* PBXTargetDependency */,
				F6C865DE2F2CAED40098E057 /* PBXTargetDependency */,
			);
			name = LighthouseVIPERTests;
			packageProductDependencies = (
				47E75FA02FB6B5A400AE6BCD /* Cuckoo */,
			);
			productName = LighthouseVIPERTests;
			productReference = F6C865DC2F2CAED40098E057 /* LighthouseVIPERTests.xctest */;
			productType = "com.apple.product-type.bundle.unit-test";
		};
		F6C865E52F2CAED40098E057 /* LighthouseVIPERUITests */ = {
			isa = PBXNativeTarget;
			buildConfigurationList = F6C865F72F2CAED40098E057 /* Build configuration list for PBXNativeTarget "LighthouseVIPERUITests" */;
			buildPhases = (
				F6C865E22F2CAED40098E057 /* Sources */,
				F6C865E32F2CAED40098E057 /* Frameworks */,
				F6C865E42F2CAED40098E057 /* Resources */,
			);
			buildRules = (
			);
			dependencies = (
				F6C865E82F2CAED40098E057 /* PBXTargetDependency */,
			);
			name = LighthouseVIPERUITests;
			packageProductDependencies = (
			);
			productName = LighthouseVIPERUITests;
			productReference = F6C865E62F2CAED40098E057 /* LighthouseVIPERUITests.xctest */;
			productType = "com.apple.product-type.bundle.ui-testing";
		};
/* End PBXNativeTarget section */

/* Begin PBXProject section */
		F6C865BB2F2CAED20098E057 /* Project object */ = {
			isa = PBXProject;
			attributes = {
				BuildIndependentTargetsInParallel = 1;
				LastSwiftUpdateCheck = 2600;
				LastUpgradeCheck = 2600;
				TargetAttributes = {
					F6C865C22F2CAED20098E057 = {
						CreatedOnToolsVersion = 26.0.1;
					};
					F6C865DB2F2CAED40098E057 = {
						CreatedOnToolsVersion = 26.0.1;
						TestTargetID = F6C865C22F2CAED20098E057;
					};
					F6C865E52F2CAED40098E057 = {
						CreatedOnToolsVersion = 26.0.1;
						TestTargetID = F6C865C22F2CAED20098E057;
					};
				};
			};
			buildConfigurationList = F6C865BE2F2CAED20098E057 /* Build configuration list for PBXProject "LighthouseVIPER" */;
			developmentRegion = en;
			hasScannedForEncodings = 0;
			knownRegions = (
				en,
				Base,
			);
			mainGroup = F6C865BA2F2CAED20098E057;
			minimizedProjectReferenceProxies = 1;
			packageReferences = (
				F6A0CB1F2F68DEBD00A56310 /* XCRemoteSwiftPackageReference "Swinject" */,
				F6FC75F22FA31FFB008607BA /* XCRemoteSwiftPackageReference "R" */,
				47E75F9F2FB6B5A400AE6BCD /* XCRemoteSwiftPackageReference "Cuckoo" */,
			);
			preferredProjectObjectVersion = 77;
			productRefGroup = F6C865C42F2CAED20098E057 /* Products */;
			projectDirPath = "";
			projectRoot = "";
			targets = (
				F6C865C22F2CAED20098E057 /* LighthouseVIPER */,
				F6C865DB2F2CAED40098E057 /* LighthouseVIPERTests */,
				F6C865E52F2CAED40098E057 /* LighthouseVIPERUITests */,
			);
		};
/* End PBXProject section */

/* Begin PBXResourcesBuildPhase section */
		F6C865C12F2CAED20098E057 /* Resources */ = {
			isa = PBXResourcesBuildPhase;
			buildActionMask = 2147483647;
			files = (
			);
			runOnlyForDeploymentPostprocessing = 0;
		};
		F6C865DA2F2CAED40098E057 /* Resources */ = {
			isa = PBXResourcesBuildPhase;
			buildActionMask = 2147483647;
			files = (
			);
			runOnlyForDeploymentPostprocessing = 0;
		};
		F6C865E42F2CAED40098E057 /* Resources */ = {
			isa = PBXResourcesBuildPhase;
			buildActionMask = 2147483647;
			files = (
			);
			runOnlyForDeploymentPostprocessing = 0;
		};
/* End PBXResourcesBuildPhase section */

/* Begin PBXSourcesBuildPhase section */
		F6C865BF2F2CAED20098E057 /* Sources */ = {
			isa = PBXSourcesBuildPhase;
			buildActionMask = 2147483647;
			files = (
			);
			runOnlyForDeploymentPostprocessing = 0;
		};
		F6C865D82F2CAED40098E057 /* Sources */ = {
			isa = PBXSourcesBuildPhase;
			buildActionMask = 2147483647;
			files = (
				F6FC77352FA33BF3008607BA /* LoginInteractorTests.swift in Sources */,
				F6FC77362FA33BF3008607BA /* SignUpInteractorMock.swift in Sources */,
				F6FC77372FA33BF3008607BA /* MainPresenterTests.swift in Sources */,
				F6FC77382FA33BF3008607BA /* XCTestInline.swift in Sources */,
				F6FC77392FA33BF3008607BA /* AuthUseCasesMockDI.swift in Sources */,
				F6FC773B2FA33BF3008607BA /* WebApiServiceMock.swift in Sources */,
				F6FC773C2FA33BF3008607BA /* AuthServiceMock.swift in Sources */,
				F6FC773D2FA33BF3008607BA /* LoginInterctorMock.swift in Sources */,
				F6FC773E2FA33BF3008607BA /* MainSceneTestDI.swift in Sources */,
				F6FC773F2FA33BF3008607BA /* AuthServiceTestDI.swift in Sources */,
				F6FC77402FA33BF3008607BA /* AuthWrapperMock.swift in Sources */,
				F6FC77412FA33BF3008607BA /* MainRotureMock.swift in Sources */,
				F6FC77422FA33BF3008607BA /* AuthServiceTests.swift in Sources */,
			);
			runOnlyForDeploymentPostprocessing = 0;
		};
		F6C865E22F2CAED40098E057 /* Sources */ = {
			isa = PBXSourcesBuildPhase;
			buildActionMask = 2147483647;
			files = (
				F6D7C3F22F68DACB0007B13C /* LighthouseVIPERUITests.swift in Sources */,
				F6D7C3F32F68DACB0007B13C /* LighthouseVIPERUITestsLaunchTests.swift in Sources */,
			);
			runOnlyForDeploymentPostprocessing = 0;
		};
/* End PBXSourcesBuildPhase section */

/* Begin PBXTargetDependency section */
		47E75FA32FB6B5AF00AE6BCD /* PBXTargetDependency */ = {
			isa = PBXTargetDependency;
			productRef = 47E75FA22FB6B5AF00AE6BCD /* CuckooPluginSingleFile */;
		};
		F6C865DE2F2CAED40098E057 /* PBXTargetDependency */ = {
			isa = PBXTargetDependency;
			target = F6C865C22F2CAED20098E057 /* LighthouseVIPER */;
			targetProxy = F6C865DD2F2CAED40098E057 /* PBXContainerItemProxy */;
		};
		F6C865E82F2CAED40098E057 /* PBXTargetDependency */ = {
			isa = PBXTargetDependency;
			target = F6C865C22F2CAED20098E057 /* LighthouseVIPER */;
			targetProxy = F6C865E72F2CAED40098E057 /* PBXContainerItemProxy */;
		};
		F6FC77142FA32BA8008607BA /* PBXTargetDependency */ = {
			isa = PBXTargetDependency;
			productRef = F6FC77132FA32BA8008607BA /* RswiftGenerateInternalResources */;
		};
/* End PBXTargetDependency section */

/* Begin XCBuildConfiguration section */
		F6C865F02F2CAED40098E057 /* Debug */ = {
			isa = XCBuildConfiguration;
			buildSettings = {
				ASSETCATALOG_COMPILER_APPICON_NAME = AppIcon;
				ASSETCATALOG_COMPILER_GLOBAL_ACCENT_COLOR_NAME = AccentColor;
				CODE_SIGN_IDENTITY = "Apple Development";
				CODE_SIGN_STYLE = Automatic;
				CURRENT_PROJECT_VERSION = 1;
				DEVELOPMENT_TEAM = 87L9N3GZ53;
				GENERATE_INFOPLIST_FILE = YES;
				INFOPLIST_FILE = LighthouseVIPER/Resources/Info.plist;
				INFOPLIST_KEY_UIApplicationSupportsIndirectInputEvents = YES;
				INFOPLIST_KEY_UILaunchStoryboardName = LaunchScreen;
				INFOPLIST_KEY_UIMainStoryboardFile = Main;
				INFOPLIST_KEY_UISupportedInterfaceOrientations_iPad = "UIInterfaceOrientationPortrait UIInterfaceOrientationPortraitUpsideDown UIInterfaceOrientationLandscapeLeft UIInterfaceOrientationLandscapeRight";
				INFOPLIST_KEY_UISupportedInterfaceOrientations_iPhone = "UIInterfaceOrientationPortrait UIInterfaceOrientationLandscapeLeft UIInterfaceOrientationLandscapeRight";
				IPHONEOS_DEPLOYMENT_TARGET = 16.6;
				LD_RUNPATH_SEARCH_PATHS = (
					"$(inherited)",
					"@executable_path/Frameworks",
				);
				MARKETING_VERSION = 1.0;
				PRODUCT_BUNDLE_IDENTIFIER = "jp.li-archi.LighthouseVIPER";
				PRODUCT_NAME = "$(TARGET_NAME)";
				PROVISIONING_PROFILE_SPECIFIER = "";
				STRING_CATALOG_GENERATE_SYMBOLS = YES;
				SWIFT_APPROACHABLE_CONCURRENCY = YES;
				SWIFT_DEFAULT_ACTOR_ISOLATION = nonisolated;
				SWIFT_EMIT_LOC_STRINGS = YES;
				SWIFT_UPCOMING_FEATURE_MEMBER_IMPORT_VISIBILITY = YES;
				SWIFT_VERSION = 5.0;
				TARGETED_DEVICE_FAMILY = "1,2";
			};
			name = Debug;
		};
		F6C865F12F2CAED40098E057 /* Release */ = {
			isa = XCBuildConfiguration;
			buildSettings = {
				ASSETCATALOG_COMPILER_APPICON_NAME = AppIcon;
				ASSETCATALOG_COMPILER_GLOBAL_ACCENT_COLOR_NAME = AccentColor;
				CODE_SIGN_IDENTITY = "Apple Development";
				CODE_SIGN_STYLE = Automatic;
				CURRENT_PROJECT_VERSION = 1;
				DEVELOPMENT_TEAM = 87L9N3GZ53;
				GENERATE_INFOPLIST_FILE = YES;
				INFOPLIST_FILE = LighthouseVIPER/Resources/Info.plist;
				INFOPLIST_KEY_UIApplicationSupportsIndirectInputEvents = YES;
				INFOPLIST_KEY_UILaunchStoryboardName = LaunchScreen;
				INFOPLIST_KEY_UIMainStoryboardFile = Main;
				INFOPLIST_KEY_UISupportedInterfaceOrientations_iPad = "UIInterfaceOrientationPortrait UIInterfaceOrientationPortraitUpsideDown UIInterfaceOrientationLandscapeLeft UIInterfaceOrientationLandscapeRight";
				INFOPLIST_KEY_UISupportedInterfaceOrientations_iPhone = "UIInterfaceOrientationPortrait UIInterfaceOrientationLandscapeLeft UIInterfaceOrientationLandscapeRight";
				IPHONEOS_DEPLOYMENT_TARGET = 16.6;
				LD_RUNPATH_SEARCH_PATHS = (
					"$(inherited)",
					"@executable_path/Frameworks",
				);
				MARKETING_VERSION = 1.0;
				PRODUCT_BUNDLE_IDENTIFIER = "jp.li-archi.LighthouseVIPER";
				PRODUCT_NAME = "$(TARGET_NAME)";
				PROVISIONING_PROFILE_SPECIFIER = "";
				STRING_CATALOG_GENERATE_SYMBOLS = YES;
				SWIFT_APPROACHABLE_CONCURRENCY = YES;
				SWIFT_DEFAULT_ACTOR_ISOLATION = nonisolated;
				SWIFT_EMIT_LOC_STRINGS = YES;
				SWIFT_UPCOMING_FEATURE_MEMBER_IMPORT_VISIBILITY = YES;
				SWIFT_VERSION = 5.0;
				TARGETED_DEVICE_FAMILY = "1,2";
			};
			name = Release;
		};
		F6C865F22F2CAED40098E057 /* Debug */ = {
			isa = XCBuildConfiguration;
			buildSettings = {
				ALWAYS_SEARCH_USER_PATHS = NO;
				ASSETCATALOG_COMPILER_GENERATE_SWIFT_ASSET_SYMBOL_EXTENSIONS = YES;
				CLANG_ANALYZER_NONNULL = YES;
				CLANG_ANALYZER_NUMBER_OBJECT_CONVERSION = YES_AGGRESSIVE;
				CLANG_CXX_LANGUAGE_STANDARD = "gnu++20";
				CLANG_ENABLE_MODULES = YES;
				CLANG_ENABLE_OBJC_ARC = YES;
				CLANG_ENABLE_OBJC_WEAK = YES;
				CLANG_WARN_BLOCK_CAPTURE_AUTORELEASING = YES;
				CLANG_WARN_BOOL_CONVERSION = YES;
				CLANG_WARN_COMMA = YES;
				CLANG_WARN_CONSTANT_CONVERSION = YES;
				CLANG_WARN_DEPRECATED_OBJC_IMPLEMENTATIONS = YES;
				CLANG_WARN_DIRECT_OBJC_ISA_USAGE = YES_ERROR;
				CLANG_WARN_DOCUMENTATION_COMMENTS = YES;
				CLANG_WARN_EMPTY_BODY = YES;
				CLANG_WARN_ENUM_CONVERSION = YES;
				CLANG_WARN_INFINITE_RECURSION = YES;
				CLANG_WARN_INT_CONVERSION = YES;
				CLANG_WARN_NON_LITERAL_NULL_CONVERSION = YES;
				CLANG_WARN_OBJC_IMPLICIT_RETAIN_SELF = YES;
				CLANG_WARN_OBJC_LITERAL_CONVERSION = YES;
				CLANG_WARN_OBJC_ROOT_CLASS = YES_ERROR;
				CLANG_WARN_QUOTED_INCLUDE_IN_FRAMEWORK_HEADER = YES;
				CLANG_WARN_RANGE_LOOP_ANALYSIS = YES;
				CLANG_WARN_STRICT_PROTOTYPES = YES;
				CLANG_WARN_SUSPICIOUS_MOVE = YES;
				CLANG_WARN_UNGUARDED_AVAILABILITY = YES_AGGRESSIVE;
				CLANG_WARN_UNREACHABLE_CODE = YES;
				CLANG_WARN__DUPLICATE_METHOD_MATCH = YES;
				COPY_PHASE_STRIP = NO;
				DEBUG_INFORMATION_FORMAT = dwarf;
				DEVELOPMENT_TEAM = 87L9N3GZ53;
				ENABLE_STRICT_OBJC_MSGSEND = YES;
				ENABLE_TESTABILITY = YES;
				ENABLE_USER_SCRIPT_SANDBOXING = YES;
				GCC_C_LANGUAGE_STANDARD = gnu17;
				GCC_DYNAMIC_NO_PIC = NO;
				GCC_NO_COMMON_BLOCKS = YES;
				GCC_OPTIMIZATION_LEVEL = 0;
				GCC_PREPROCESSOR_DEFINITIONS = (
					"DEBUG=1",
					"$(inherited)",
				);
				GCC_WARN_64_TO_32_BIT_CONVERSION = YES;
				GCC_WARN_ABOUT_RETURN_TYPE = YES_ERROR;
				GCC_WARN_UNDECLARED_SELECTOR = YES;
				GCC_WARN_UNINITIALIZED_AUTOS = YES_AGGRESSIVE;
				GCC_WARN_UNUSED_FUNCTION = YES;
				GCC_WARN_UNUSED_VARIABLE = YES;
				IPHONEOS_DEPLOYMENT_TARGET = 26.0;
				LOCALIZATION_PREFERS_STRING_CATALOGS = YES;
				MTL_ENABLE_DEBUG_INFO = INCLUDE_SOURCE;
				MTL_FAST_MATH = YES;
				ONLY_ACTIVE_ARCH = YES;
				SDKROOT = iphoneos;
				SWIFT_ACTIVE_COMPILATION_CONDITIONS = "DEBUG $(inherited)";
				SWIFT_OPTIMIZATION_LEVEL = "-Onone";
			};
			name = Debug;
		};
		F6C865F32F2CAED40098E057 /* Release */ = {
			isa = XCBuildConfiguration;
			buildSettings = {
				ALWAYS_SEARCH_USER_PATHS = NO;
				ASSETCATALOG_COMPILER_GENERATE_SWIFT_ASSET_SYMBOL_EXTENSIONS = YES;
				CLANG_ANALYZER_NONNULL = YES;
				CLANG_ANALYZER_NUMBER_OBJECT_CONVERSION = YES_AGGRESSIVE;
				CLANG_CXX_LANGUAGE_STANDARD = "gnu++20";
				CLANG_ENABLE_MODULES = YES;
				CLANG_ENABLE_OBJC_ARC = YES;
				CLANG_ENABLE_OBJC_WEAK = YES;
				CLANG_WARN_BLOCK_CAPTURE_AUTORELEASING = YES;
				CLANG_WARN_BOOL_CONVERSION = YES;
				CLANG_WARN_COMMA = YES;
				CLANG_WARN_CONSTANT_CONVERSION = YES;
				CLANG_WARN_DEPRECATED_OBJC_IMPLEMENTATIONS = YES;
				CLANG_WARN_DIRECT_OBJC_ISA_USAGE = YES_ERROR;
				CLANG_WARN_DOCUMENTATION_COMMENTS = YES;
				CLANG_WARN_EMPTY_BODY = YES;
				CLANG_WARN_ENUM_CONVERSION = YES;
				CLANG_WARN_INFINITE_RECURSION = YES;
				CLANG_WARN_INT_CONVERSION = YES;
				CLANG_WARN_NON_LITERAL_NULL_CONVERSION = YES;
				CLANG_WARN_OBJC_IMPLICIT_RETAIN_SELF = YES;
				CLANG_WARN_OBJC_LITERAL_CONVERSION = YES;
				CLANG_WARN_OBJC_ROOT_CLASS = YES_ERROR;
				CLANG_WARN_QUOTED_INCLUDE_IN_FRAMEWORK_HEADER = YES;
				CLANG_WARN_RANGE_LOOP_ANALYSIS = YES;
				CLANG_WARN_STRICT_PROTOTYPES = YES;
				CLANG_WARN_SUSPICIOUS_MOVE = YES;
				CLANG_WARN_UNGUARDED_AVAILABILITY = YES_AGGRESSIVE;
				CLANG_WARN_UNREACHABLE_CODE = YES;
				CLANG_WARN__DUPLICATE_METHOD_MATCH = YES;
				COPY_PHASE_STRIP = NO;
				DEBUG_INFORMATION_FORMAT = "dwarf-with-dsym";
				DEVELOPMENT_TEAM = 87L9N3GZ53;
				ENABLE_NS_ASSERTIONS = NO;
				ENABLE_STRICT_OBJC_MSGSEND = YES;
				ENABLE_USER_SCRIPT_SANDBOXING = YES;
				GCC_C_LANGUAGE_STANDARD = gnu17;
				GCC_NO_COMMON_BLOCKS = YES;
				GCC_WARN_64_TO_32_BIT_CONVERSION = YES;
				GCC_WARN_ABOUT_RETURN_TYPE = YES_ERROR;
				GCC_WARN_UNDECLARED_SELECTOR = YES;
				GCC_WARN_UNINITIALIZED_AUTOS = YES_AGGRESSIVE;
				GCC_WARN_UNUSED_FUNCTION = YES;
				GCC_WARN_UNUSED_VARIABLE = YES;
				IPHONEOS_DEPLOYMENT_TARGET = 26.0;
				LOCALIZATION_PREFERS_STRING_CATALOGS = YES;
				MTL_ENABLE_DEBUG_INFO = NO;
				MTL_FAST_MATH = YES;
				SDKROOT = iphoneos;
				SWIFT_COMPILATION_MODE = wholemodule;
				VALIDATE_PRODUCT = YES;
			};
			name = Release;
		};
		F6C865F52F2CAED40098E057 /* Debug */ = {
			isa = XCBuildConfiguration;
			buildSettings = {
				BUNDLE_LOADER = "$(TEST_HOST)";
				CODE_SIGN_STYLE = Automatic;
				CURRENT_PROJECT_VERSION = 1;
				DEVELOPMENT_TEAM = 87L9N3GZ53;
				GENERATE_INFOPLIST_FILE = YES;
				IPHONEOS_DEPLOYMENT_TARGET = 26.0;
				MARKETING_VERSION = 1.0;
				PRODUCT_BUNDLE_IDENTIFIER = "jp.li-archi.LighthouseVIPERTests";
				PRODUCT_NAME = "$(TARGET_NAME)";
				STRING_CATALOG_GENERATE_SYMBOLS = NO;
				SWIFT_APPROACHABLE_CONCURRENCY = YES;
				SWIFT_DEFAULT_ACTOR_ISOLATION = nonisolated;
				SWIFT_EMIT_LOC_STRINGS = NO;
				SWIFT_UPCOMING_FEATURE_MEMBER_IMPORT_VISIBILITY = YES;
				SWIFT_VERSION = 5.0;
				TARGETED_DEVICE_FAMILY = "1,2";
				TEST_HOST = "$(BUILT_PRODUCTS_DIR)/LighthouseVIPER.app/$(BUNDLE_EXECUTABLE_FOLDER_PATH)/LighthouseVIPER";
			};
			name = Debug;
		};
		F6C865F62F2CAED40098E057 /* Release */ = {
			isa = XCBuildConfiguration;
			buildSettings = {
				BUNDLE_LOADER = "$(TEST_HOST)";
				CODE_SIGN_STYLE = Automatic;
				CURRENT_PROJECT_VERSION = 1;
				DEVELOPMENT_TEAM = 87L9N3GZ53;
				GENERATE_INFOPLIST_FILE = YES;
				IPHONEOS_DEPLOYMENT_TARGET = 26.0;
				MARKETING_VERSION = 1.0;
				PRODUCT_BUNDLE_IDENTIFIER = "jp.li-archi.LighthouseVIPERTests";
				PRODUCT_NAME = "$(TARGET_NAME)";
				STRING_CATALOG_GENERATE_SYMBOLS = NO;
				SWIFT_APPROACHABLE_CONCURRENCY = YES;
				SWIFT_DEFAULT_ACTOR_ISOLATION = nonisolated;
				SWIFT_EMIT_LOC_STRINGS = NO;
				SWIFT_UPCOMING_FEATURE_MEMBER_IMPORT_VISIBILITY = YES;
				SWIFT_VERSION = 5.0;
				TARGETED_DEVICE_FAMILY = "1,2";
				TEST_HOST = "$(BUILT_PRODUCTS_DIR)/LighthouseVIPER.app/$(BUNDLE_EXECUTABLE_FOLDER_PATH)/LighthouseVIPER";
			};
			name = Release;
		};
		F6C865F82F2CAED40098E057 /* Debug */ = {
			isa = XCBuildConfiguration;
			buildSettings = {
				CODE_SIGN_STYLE = Automatic;
				CURRENT_PROJECT_VERSION = 1;
				DEVELOPMENT_TEAM = 87L9N3GZ53;
				GENERATE_INFOPLIST_FILE = YES;
				MARKETING_VERSION = 1.0;
				PRODUCT_BUNDLE_IDENTIFIER = "jp.li-archi.LighthouseVIPERUITests";
				PRODUCT_NAME = "$(TARGET_NAME)";
				STRING_CATALOG_GENERATE_SYMBOLS = NO;
				SWIFT_APPROACHABLE_CONCURRENCY = YES;
				SWIFT_DEFAULT_ACTOR_ISOLATION = nonisolated;
				SWIFT_EMIT_LOC_STRINGS = NO;
				SWIFT_UPCOMING_FEATURE_MEMBER_IMPORT_VISIBILITY = YES;
				SWIFT_VERSION = 5.0;
				TARGETED_DEVICE_FAMILY = "1,2";
				TEST_TARGET_NAME = LighthouseVIPER;
			};
			name = Debug;
		};
		F6C865F92F2CAED40098E057 /* Release */ = {
			isa = XCBuildConfiguration;
			buildSettings = {
				CODE_SIGN_STYLE = Automatic;
				CURRENT_PROJECT_VERSION = 1;
				DEVELOPMENT_TEAM = 87L9N3GZ53;
				GENERATE_INFOPLIST_FILE = YES;
				MARKETING_VERSION = 1.0;
				PRODUCT_BUNDLE_IDENTIFIER = "jp.li-archi.LighthouseVIPERUITests";
				PRODUCT_NAME = "$(TARGET_NAME)";
				STRING_CATALOG_GENERATE_SYMBOLS = NO;
				SWIFT_APPROACHABLE_CONCURRENCY = YES;
				SWIFT_DEFAULT_ACTOR_ISOLATION = nonisolated;
				SWIFT_EMIT_LOC_STRINGS = NO;
				SWIFT_UPCOMING_FEATURE_MEMBER_IMPORT_VISIBILITY = YES;
				SWIFT_VERSION = 5.0;
				TARGETED_DEVICE_FAMILY = "1,2";
				TEST_TARGET_NAME = LighthouseVIPER;
			};
			name = Release;
		};
/* End XCBuildConfiguration section */

/* Begin XCConfigurationList section */
		F6C865BE2F2CAED20098E057 /* Build configuration list for PBXProject "LighthouseVIPER" */ = {
			isa = XCConfigurationList;
			buildConfigurations = (
				F6C865F22F2CAED40098E057 /* Debug */,
				F6C865F32F2CAED40098E057 /* Release */,
			);
			defaultConfigurationIsVisible = 0;
			defaultConfigurationName = Release;
		};
		F6C865EF2F2CAED40098E057 /* Build configuration list for PBXNativeTarget "LighthouseVIPER" */ = {
			isa = XCConfigurationList;
			buildConfigurations = (
				F6C865F02F2CAED40098E057 /* Debug */,
				F6C865F12F2CAED40098E057 /* Release */,
			);
			defaultConfigurationIsVisible = 0;
			defaultConfigurationName = Release;
		};
		F6C865F42F2CAED40098E057 /* Build configuration list for PBXNativeTarget "LighthouseVIPERTests" */ = {
			isa = XCConfigurationList;
			buildConfigurations = (
				F6C865F52F2CAED40098E057 /* Debug */,
				F6C865F62F2CAED40098E057 /* Release */,
			);
			defaultConfigurationIsVisible = 0;
			defaultConfigurationName = Release;
		};
		F6C865F72F2CAED40098E057 /* Build configuration list for PBXNativeTarget "LighthouseVIPERUITests" */ = {
			isa = XCConfigurationList;
			buildConfigurations = (
				F6C865F82F2CAED40098E057 /* Debug */,
				F6C865F92F2CAED40098E057 /* Release */,
			);
			defaultConfigurationIsVisible = 0;
			defaultConfigurationName = Release;
		};
/* End XCConfigurationList section */

/* Begin XCRemoteSwiftPackageReference section */
		47E75F9F2FB6B5A400AE6BCD /* XCRemoteSwiftPackageReference "Cuckoo" */ = {
			isa = XCRemoteSwiftPackageReference;
			repositoryURL = "https://github.com/Brightify/Cuckoo.git";
			requirement = {
				kind = upToNextMajorVersion;
				minimumVersion = 2.2.1;
			};
		};
		F6A0CB1F2F68DEBD00A56310 /* XCRemoteSwiftPackageReference "Swinject" */ = {
			isa = XCRemoteSwiftPackageReference;
			repositoryURL = "https://github.com/Swinject/Swinject.git";
			requirement = {
				kind = upToNextMajorVersion;
				minimumVersion = 2.10.0;
			};
		};
		F6FC75F22FA31FFB008607BA /* XCRemoteSwiftPackageReference "R" */ = {
			isa = XCRemoteSwiftPackageReference;
			repositoryURL = "https://github.com/mac-cain13/R.swift";
			requirement = {
				kind = upToNextMajorVersion;
				minimumVersion = 7.8.0;
			};
		};
/* End XCRemoteSwiftPackageReference section */

/* Begin XCSwiftPackageProductDependency section */
		47E75FA02FB6B5A400AE6BCD /* Cuckoo */ = {
			isa = XCSwiftPackageProductDependency;
			package = 47E75F9F2FB6B5A400AE6BCD /* XCRemoteSwiftPackageReference "Cuckoo" */;
			productName = Cuckoo;
		};
		47E75FA22FB6B5AF00AE6BCD /* CuckooPluginSingleFile */ = {
			isa = XCSwiftPackageProductDependency;
			package = 47E75F9F2FB6B5A400AE6BCD /* XCRemoteSwiftPackageReference "Cuckoo" */;
			productName = "plugin:CuckooPluginSingleFile";
		};
		F6A0CB202F68DECC00A56310 /* Swinject */ = {
			isa = XCSwiftPackageProductDependency;
			package = F6A0CB1F2F68DEBD00A56310 /* XCRemoteSwiftPackageReference "Swinject" */;
			productName = Swinject;
		};
		F6FC770F2FA32B7D008607BA /* RswiftLibrary */ = {
			isa = XCSwiftPackageProductDependency;
			package = F6FC75F22FA31FFB008607BA /* XCRemoteSwiftPackageReference "R" */;
			productName = RswiftLibrary;
		};
		F6FC77112FA32B7D008607BA /* rswift */ = {
			isa = XCSwiftPackageProductDependency;
			package = F6FC75F22FA31FFB008607BA /* XCRemoteSwiftPackageReference "R" */;
			productName = rswift;
		};
		F6FC77132FA32BA8008607BA /* RswiftGenerateInternalResources */ = {
			isa = XCSwiftPackageProductDependency;
			package = F6FC75F22FA31FFB008607BA /* XCRemoteSwiftPackageReference "R" */;
			productName = "plugin:RswiftGenerateInternalResources";
		};
/* End XCSwiftPackageProductDependency section */
	};
	rootObject = F6C865BB2F2CAED20098E057 /* Project object */;
}
